
Microsoft Visual Studio Solution File, Format Version 12.00
# Visual Studio Version 17
VisualStudioVersion = 17.13.35931.197 d17.13
MinimumVisualStudioVersion = 10.0.40219.1
Project("{FAE04EC0-301F-11D3-BF4B-00C04F79EFBC}") = "PowerStatus", "PowerStatus.csproj", "{4C3AF9BA-72A3-45D2-AE7B-A1BD0E69D8C0}"
EndProject
Global
	GlobalSection(SolutionConfigurationPlatforms) = preSolution
		Debug|Any CPU = Debug|Any CPU
		Release|Any CPU = Release|Any CPU
	EndGlobalSection
	GlobalSection(ProjectConfigurationPlatforms) = postSolution
		{4C3AF9BA-72A3-45D2-AE7B-A1BD0E69D8C0}.Debug|Any CPU.ActiveCfg = Debug|Any CPU
		{4C3AF9BA-72A3-45D2-AE7B-A1BD0E69D8C0}.Debug|Any CPU.Build.0 = Debug|Any CPU
		{4C3AF9BA-72A3-45D2-AE7B-A1BD0E69D8C0}.Release|Any CPU.ActiveCfg = Release|Any CPU
		{4C3AF9BA-72A3-45D2-AE7B-A1BD0E69D8C0}.Release|Any CPU.Build.0 = Release|Any CPU
	EndGlobalSection
	GlobalSection(SolutionProperties) = preSolution
		HideSolutionNode = FALSE
	EndGlobalSection
	GlobalSection(ExtensibilityGlobals) = postSolution
		SolutionGuid = {F1FBEEDD-2FB9-464E-8A29-34B3A24335ED}
	EndGlobalSection
EndGlobal
